
Microsoft Visual Studio Solution File, Format Version 12.00
# Visual Studio Version 17
VisualStudioVersion = 17.4.33103.184
MinimumVisualStudioVersion = 10.0.40219.1
Project("{2150E333-8FDC-42A3-9474-1A3956D46DE8}") = "Solution Items", "Solution Items", "{B19F3E07-E709-4775-8668-F7BAE4BF2465}"
	ProjectSection(SolutionItems) = preProject
		README.md = README.md
	EndProjectSection
EndProject
Project("{9A19103F-16F7-4668-BE54-9A1E7A4F7556}") = "ClientWithSsl", "ClientWithSsl\ClientWithSsl.csproj", "{662D57EE-C1DF-44F4-9BF8-57A3638B5867}"
EndProject
Global
	GlobalSection(SolutionConfigurationPlatforms) = preSolution
		Debug|Any CPU = Debug|Any CPU
		Release|Any CPU = Release|Any CPU
	EndGlobalSection
	GlobalSection(ProjectConfigurationPlatforms) = postSolution
		{662D57EE-C1DF-44F4-9BF8-57A3638B5867}.Debug|Any CPU.ActiveCfg = Debug|Any CPU
		{662D57EE-C1DF-44F4-9BF8-57A3638B5867}.Debug|Any CPU.Build.0 = Debug|Any CPU
		{662D57EE-C1DF-44F4-9BF8-57A3638B5867}.Release|Any CPU.ActiveCfg = Release|Any CPU
		{662D57EE-C1DF-44F4-9BF8-57A3638B5867}.Release|Any CPU.Build.0 = Release|Any CPU
	EndGlobalSection
	GlobalSection(SolutionProperties) = preSolution
		HideSolutionNode = FALSE
	EndGlobalSection
	GlobalSection(ExtensibilityGlobals) = postSolution
		SolutionGuid = {A280B777-AE11-4306-A615-EB37F4D41657}
	EndGlobalSection
EndGlobal
