
Microsoft Visual Studio Solution File, Format Version 12.00
Project("{FAE04EC0-301F-11D3-BF4B-00C04F79EFBC}") = "Client", "Client\Client.csproj", "{FCFDC24C-B13D-4A63-B1D5-28B23FB7F0C1}"
EndProject
Project("{FAE04EC0-301F-11D3-BF4B-00C04F79EFBC}") = "ClientWithSsl", "ClientWithSsl\ClientWithSsl.csproj", "{8042A267-72D8-4C56-9872-21C64767A443}"
EndProject
Global
	GlobalSection(SolutionConfigurationPlatforms) = preSolution
		Debug|Any CPU = Debug|Any CPU
		Release|Any CPU = Release|Any CPU
	EndGlobalSection
	GlobalSection(ProjectConfigurationPlatforms) = postSolution
		{FCFDC24C-B13D-4A63-B1D5-28B23FB7F0C1}.Debug|Any CPU.ActiveCfg = Debug|Any CPU
		{FCFDC24C-B13D-4A63-B1D5-28B23FB7F0C1}.Debug|Any CPU.Build.0 = Debug|Any CPU
		{FCFDC24C-B13D-4A63-B1D5-28B23FB7F0C1}.Release|Any CPU.ActiveCfg = Release|Any CPU
		{FCFDC24C-B13D-4A63-B1D5-28B23FB7F0C1}.Release|Any CPU.Build.0 = Release|Any CPU
		{8042A267-72D8-4C56-9872-21C64767A443}.Debug|Any CPU.ActiveCfg = Debug|Any CPU
		{8042A267-72D8-4C56-9872-21C64767A443}.Debug|Any CPU.Build.0 = Debug|Any CPU
		{8042A267-72D8-4C56-9872-21C64767A443}.Release|Any CPU.ActiveCfg = Release|Any CPU
		{8042A267-72D8-4C56-9872-21C64767A443}.Release|Any CPU.Build.0 = Release|Any CPU
	EndGlobalSection
EndGlobal
